<?xml version="1.0" encoding="utf-8"?>
<Project ToolsVersion="4.0" xmlns="http://schemas.microsoft.com/developer/msbuild/2003">
  <ItemGroup>
    <Filter Include="Sources">
      <UniqueIdentifier>{4FC737F1-C7A5-4376-A066-2A32D752A2FF}</UniqueIdentifier>
      <Extensions>cpp;c;cc;cxx;def;odl;idl;hpj;bat;asm;asmx</Extensions>
    </Filter>
    <Filter Include="Ressources">
      <UniqueIdentifier>{67DA6AB6-F800-4c08-8B7A-83BB121AAD01}</UniqueIdentifier>
      <Extensions>rc;ico;cur;bmp;dlg;rc2;rct;bin;rgs;gif;jpg;jpeg;jpe;resx;tiff;tif;png;wav;mfcribbon-ms</Extensions>
    </Filter>
    <Filter Include="Editor">
      <UniqueIdentifier>{aae0ac58-0e1a-4c96-9e13-74d164b0e449}</UniqueIdentifier>
    </Filter>
    <Filter Include="Editor\Core">
      <UniqueIdentifier>{60a741cc-5601-4bcf-b829-1676859eb26e}</UniqueIdentifier>
    </Filter>
    <Filter Include="Editor\UserInterfaces">
      <UniqueIdentifier>{28c918db-9b03-412e-acc6-f9db9f8390f6}</UniqueIdentifier>
    </Filter>
  </ItemGroup>
  <ItemGroup>
    <ClInclude Include="Stdafx.h">
      <Filter>Sources</Filter>
    </ClInclude>
    <ClInclude Include="resource.h">
      <Filter>Sources</Filter>
    </ClInclude>
    <ClInclude Include="Editor\Core\CCP3DEditorCore.h">
      <Filter>Editor\Core</Filter>
    </ClInclude>
    <ClInclude Include="Editor\UserInterfaces\CCP3DContextMenu.h">
      <Filter>Editor\UserInterfaces</Filter>
    </ClInclude>
  </ItemGroup>
  <ItemGroup>
    <ClCompile Include="CP3DEditor.cpp">
      <Filter>Sources</Filter>
    </ClCompile>
    <ClCompile Include="AssemblyInfo.cpp">
      <Filter>Sources</Filter>
    </ClCompile>
    <ClCompile Include="Stdafx.cpp">
      <Filter>Sources</Filter>
    </ClCompile>
    <ClCompile Include="Editor\Core\CCP3DEditorCore.cpp">
      <Filter>Editor\Core</Filter>
    </ClCompile>
    <ClCompile Include="Editor\UserInterfaces\CCP3DContextMenu.cpp">
      <Filter>Editor\UserInterfaces</Filter>
    </ClCompile>
  </ItemGroup>
  <ItemGroup>
    <Text Include="ReadMe.txt" />
  </ItemGroup>
  <ItemGroup>
    <ResourceCompile Include="app.rc">
      <Filter>Ressources</Filter>
    </ResourceCompile>
  </ItemGroup>
  <ItemGroup>
    <Image Include="app.ico">
      <Filter>Ressources</Filter>
    </Image>
  </ItemGroup>
</Project>