<?xml version="1.0" encoding="utf-8"?>
<Project ToolsVersion="4.0" xmlns="http://schemas.microsoft.com/developer/msbuild/2003">
  <ItemGroup>
    <Filter Include="Sources">
      <UniqueIdentifier>{4FC737F1-C7A5-4376-A066-2A32D752A2FF}</UniqueIdentifier>
      <Extensions>cpp;c;cc;cxx;def;odl;idl;hpj;bat;asm;asmx</Extensions>
    </Filter>
    <Filter Include="Editor">
      <UniqueIdentifier>{aae0ac58-0e1a-4c96-9e13-74d164b0e449}</UniqueIdentifier>
    </Filter>
    <Filter Include="Editor\Core">
      <UniqueIdentifier>{60a741cc-5601-4bcf-b829-1676859eb26e}</UniqueIdentifier>
    </Filter>
    <Filter Include="Editor\UserInterfaces">
      <UniqueIdentifier>{28c918db-9b03-412e-acc6-f9db9f8390f6}</UniqueIdentifier>
    </Filter>
    <Filter Include="Editor\GUIElements">
      <UniqueIdentifier>{1df27428-1ba8-4aa0-b70a-bf7d0430053f}</UniqueIdentifier>
    </Filter>
    <Filter Include="Editor\GUIElements\GUIPanel">
      <UniqueIdentifier>{345dd9b2-81ae-4907-8c2d-812cce5bd546}</UniqueIdentifier>
    </Filter>
    <Filter Include="Editor\UserInterfaces\EditionTools">
      <UniqueIdentifier>{0d94334e-9341-4104-b4ee-a1ad7837593e}</UniqueIdentifier>
    </Filter>
    <Filter Include="Sources\Ressources">
      <UniqueIdentifier>{67DA6AB6-F800-4c08-8B7A-83BB121AAD01}</UniqueIdentifier>
      <Extensions>rc;ico;cur;bmp;dlg;rc2;rct;bin;rgs;gif;jpg;jpeg;jpe;resx;tiff;tif;png;wav;mfcribbon-ms</Extensions>
    </Filter>
    <Filter Include="Editor\GUIElements\GUIFileSelector">
      <UniqueIdentifier>{dfd36628-b1da-4333-ade4-3d60077ee116}</UniqueIdentifier>
    </Filter>
    <Filter Include="Editor\UserInterfaces\EditionTools\SceneNodeEditionTools">
      <UniqueIdentifier>{2057a16c-d34a-43ee-9de0-78977d7191be}</UniqueIdentifier>
    </Filter>
    <Filter Include="Editor\GUIElements\GUIColorDialog">
      <UniqueIdentifier>{0f506ea2-196e-43a4-9b57-137381fc24de}</UniqueIdentifier>
    </Filter>
    <Filter Include="Editor\UserInterfaces\Tools">
      <UniqueIdentifier>{be5e593e-e847-418c-a076-d015f89b0848}</UniqueIdentifier>
    </Filter>
    <Filter Include="Editor\UserInterfaces\Tools\AddMesh">
      <UniqueIdentifier>{a954b8f1-4c3a-49cd-8493-2f287cb1aaac}</UniqueIdentifier>
    </Filter>
    <Filter Include="Editor\Spies">
      <UniqueIdentifier>{b7f898bc-20b7-40f0-bd35-8b2f50cd31ae}</UniqueIdentifier>
    </Filter>
    <Filter Include="Editor\GUIElements\GUIViewPort">
      <UniqueIdentifier>{5d59d68f-068a-4456-8e0e-e2a5839d950c}</UniqueIdentifier>
    </Filter>
    <Filter Include="Editor\IO">
      <UniqueIdentifier>{6092c320-ce10-40bd-9996-41f91713b163}</UniqueIdentifier>
    </Filter>
  </ItemGroup>
  <ItemGroup>
    <ClInclude Include="Stdafx.h">
      <Filter>Sources</Filter>
    </ClInclude>
    <ClInclude Include="resource.h">
      <Filter>Sources</Filter>
    </ClInclude>
    <ClInclude Include="Editor\Core\CCP3DEditorCore.h">
      <Filter>Editor\Core</Filter>
    </ClInclude>
    <ClInclude Include="Editor\UserInterfaces\CCP3DContextMenu.h">
      <Filter>Editor\UserInterfaces</Filter>
    </ClInclude>
    <ClInclude Include="Editor\GUIElements\GUIPanel\CGUIPanel.h">
      <Filter>Editor\GUIElements\GUIPanel</Filter>
    </ClInclude>
    <ClInclude Include="Editor\UserInterfaces\CCP3DEditionTool.h">
      <Filter>Editor\UserInterfaces</Filter>
    </ClInclude>
    <ClInclude Include="Editor\Core\CCP3DInterfaceController.h">
      <Filter>Editor\Core</Filter>
    </ClInclude>
    <ClInclude Include="Editor\UserInterfaces\CCP3DSceneGraph.h">
      <Filter>Editor\UserInterfaces</Filter>
    </ClInclude>
    <ClInclude Include="Editor\UserInterfaces\CCP3DMainToolbar.h">
      <Filter>Editor\UserInterfaces</Filter>
    </ClInclude>
    <ClInclude Include="Editor\UserInterfaces\CCP3DToolsToolbar.h">
      <Filter>Editor\UserInterfaces</Filter>
    </ClInclude>
    <ClInclude Include="Editor\UserInterfaces\EditionTools\CCP3DEditionToolSceneNode.h">
      <Filter>Editor\UserInterfaces\EditionTools</Filter>
    </ClInclude>
    <ClInclude Include="Editor\GUIElements\GUIFileSelector\CGUIFileSelector.h">
      <Filter>Editor\GUIElements\GUIFileSelector</Filter>
    </ClInclude>
    <ClInclude Include="Editor\UserInterfaces\CCP3DCustomView.h">
      <Filter>Editor\UserInterfaces</Filter>
    </ClInclude>
    <ClInclude Include="Editor\UserInterfaces\EditionTools\SceneNodeEditionTools\CCP3DSceneNodeAnimators.h">
      <Filter>Editor\UserInterfaces\EditionTools\SceneNodeEditionTools</Filter>
    </ClInclude>
    <ClInclude Include="Editor\GUIElements\GUIColorDialog\CGUIColorDialog.h">
      <Filter>Editor\GUIElements\GUIColorDialog</Filter>
    </ClInclude>
    <ClInclude Include="Editor\UserInterfaces\EditionTools\CCP3DEditionToolLightSceneNode.h">
      <Filter>Editor\UserInterfaces\EditionTools</Filter>
    </ClInclude>
    <ClInclude Include="Editor\Core\CCP3DEditorTransformer.h">
      <Filter>Editor\Core</Filter>
    </ClInclude>
    <ClInclude Include="Editor\UserInterfaces\EditionTools\CCP3DEditionToolSceneManager.h">
      <Filter>Editor\UserInterfaces\EditionTools</Filter>
    </ClInclude>
    <ClInclude Include="Editor\UserInterfaces\EditionTools\CCP3DEditionToolBillboardSceneNode.h">
      <Filter>Editor\UserInterfaces\EditionTools</Filter>
    </ClInclude>
    <ClInclude Include="Editor\UserInterfaces\EditionTools\CCP3DEditionToolTextSceneNode.h">
      <Filter>Editor\UserInterfaces\EditionTools</Filter>
    </ClInclude>
    <ClInclude Include="Editor\UserInterfaces\EditionTools\CCP3DEditionToolPostProcess.h">
      <Filter>Editor\UserInterfaces\EditionTools</Filter>
    </ClInclude>
    <ClInclude Include="Editor\UserInterfaces\Tools\AddMesh\CUIAddMesh.h">
      <Filter>Editor\UserInterfaces\Tools\AddMesh</Filter>
    </ClInclude>
    <ClInclude Include="Editor\UserInterfaces\Tools\AddMesh\AddMeshUI.h">
      <Filter>Editor\UserInterfaces\Tools\AddMesh</Filter>
    </ClInclude>
    <ClInclude Include="Editor\Spies\CCP3DPostProcessSpy.h">
      <Filter>Editor\Spies</Filter>
    </ClInclude>
    <ClInclude Include="Editor\Spies\CCP3DSpiesManager.h">
      <Filter>Editor\Spies</Filter>
    </ClInclude>
    <ClInclude Include="Editor\GUIElements\GUIViewPort\CGUIViewPort.h">
      <Filter>Editor\GUIElements\GUIViewPort</Filter>
    </ClInclude>
    <ClInclude Include="Editor\GUIElements\CGUIManager.h">
      <Filter>Editor\GUIElements</Filter>
    </ClInclude>
    <ClInclude Include="Editor\UserInterfaces\EditionTools\CCP3DEditionToolTextures.h">
      <Filter>Editor\UserInterfaces\EditionTools</Filter>
    </ClInclude>
    <ClInclude Include="Editor\UserInterfaces\EditionTools\CCP3DEditionToolHDR.h">
      <Filter>Editor\UserInterfaces\EditionTools</Filter>
    </ClInclude>
    <ClInclude Include="Editor\IO\CCP3DSaverOpener.h">
      <Filter>Editor\IO</Filter>
    </ClInclude>
  </ItemGroup>
  <ItemGroup>
    <ClCompile Include="CP3DEditor.cpp">
      <Filter>Sources</Filter>
    </ClCompile>
    <ClCompile Include="AssemblyInfo.cpp">
      <Filter>Sources</Filter>
    </ClCompile>
    <ClCompile Include="Stdafx.cpp">
      <Filter>Sources</Filter>
    </ClCompile>
    <ClCompile Include="Editor\Core\CCP3DEditorCore.cpp">
      <Filter>Editor\Core</Filter>
    </ClCompile>
    <ClCompile Include="Editor\UserInterfaces\CCP3DContextMenu.cpp">
      <Filter>Editor\UserInterfaces</Filter>
    </ClCompile>
    <ClCompile Include="Editor\GUIElements\GUIPanel\CGUIPanel.cpp">
      <Filter>Editor\GUIElements\GUIPanel</Filter>
    </ClCompile>
    <ClCompile Include="Editor\UserInterfaces\CCP3DEditionTool.cpp">
      <Filter>Editor\UserInterfaces</Filter>
    </ClCompile>
    <ClCompile Include="Editor\Core\CCP3DInterfaceController.cpp">
      <Filter>Editor\Core</Filter>
    </ClCompile>
    <ClCompile Include="Editor\UserInterfaces\CCP3DSceneGraph.cpp">
      <Filter>Editor\UserInterfaces</Filter>
    </ClCompile>
    <ClCompile Include="Editor\UserInterfaces\CCP3DMainToolbar.cpp">
      <Filter>Editor\UserInterfaces</Filter>
    </ClCompile>
    <ClCompile Include="Editor\UserInterfaces\CCP3DToolsToolbar.cpp">
      <Filter>Editor\UserInterfaces</Filter>
    </ClCompile>
    <ClCompile Include="Editor\UserInterfaces\EditionTools\CCP3DEditionToolSceneNode.cpp">
      <Filter>Editor\UserInterfaces\EditionTools</Filter>
    </ClCompile>
    <ClCompile Include="Editor\GUIElements\GUIFileSelector\CGUIFileSelector.cpp">
      <Filter>Editor\GUIElements\GUIFileSelector</Filter>
    </ClCompile>
    <ClCompile Include="Editor\UserInterfaces\CCP3DCustomView.cpp">
      <Filter>Editor\UserInterfaces</Filter>
    </ClCompile>
    <ClCompile Include="Editor\UserInterfaces\EditionTools\SceneNodeEditionTools\CCP3DSceneNodeAnimators.cpp">
      <Filter>Editor\UserInterfaces\EditionTools\SceneNodeEditionTools</Filter>
    </ClCompile>
    <ClCompile Include="Editor\GUIElements\GUIColorDialog\CGUIColorDialog.cpp">
      <Filter>Editor\GUIElements\GUIColorDialog</Filter>
    </ClCompile>
    <ClCompile Include="Editor\UserInterfaces\EditionTools\CCP3DEditionToolLightSceneNode.cpp">
      <Filter>Editor\UserInterfaces\EditionTools</Filter>
    </ClCompile>
    <ClCompile Include="Editor\Core\CCP3DEditorTransformer.cpp">
      <Filter>Editor\Core</Filter>
    </ClCompile>
    <ClCompile Include="Editor\UserInterfaces\EditionTools\CCP3DEditionToolSceneManager.cpp">
      <Filter>Editor\UserInterfaces\EditionTools</Filter>
    </ClCompile>
    <ClCompile Include="Editor\UserInterfaces\EditionTools\CCP3DEditionToolBillboardSceneNode.cpp">
      <Filter>Editor\UserInterfaces\EditionTools</Filter>
    </ClCompile>
    <ClCompile Include="Editor\UserInterfaces\EditionTools\CCP3DEditionToolTextSceneNode.cpp">
      <Filter>Editor\UserInterfaces\EditionTools</Filter>
    </ClCompile>
    <ClCompile Include="Editor\UserInterfaces\EditionTools\CCP3DEditionToolPostProcess.cpp">
      <Filter>Editor\UserInterfaces\EditionTools</Filter>
    </ClCompile>
    <ClCompile Include="Editor\UserInterfaces\Tools\AddMesh\CUIAddMesh.cpp">
      <Filter>Editor\UserInterfaces\Tools\AddMesh</Filter>
    </ClCompile>
    <ClCompile Include="Editor\Spies\CCP3DPostProcessSpy.cpp">
      <Filter>Editor\Spies</Filter>
    </ClCompile>
    <ClCompile Include="Editor\Spies\CCP3DSpiesManager.cpp">
      <Filter>Editor\Spies</Filter>
    </ClCompile>
    <ClCompile Include="Editor\GUIElements\GUIViewPort\CGUIViewPort.cpp">
      <Filter>Editor\GUIElements\GUIViewPort</Filter>
    </ClCompile>
    <ClCompile Include="Editor\GUIElements\CGUIManager.cpp">
      <Filter>Editor\GUIElements</Filter>
    </ClCompile>
    <ClCompile Include="Editor\UserInterfaces\EditionTools\CCP3DEditionToolTextures.cpp">
      <Filter>Editor\UserInterfaces\EditionTools</Filter>
    </ClCompile>
    <ClCompile Include="Editor\UserInterfaces\EditionTools\CCP3DEditionToolHDR.cpp">
      <Filter>Editor\UserInterfaces\EditionTools</Filter>
    </ClCompile>
    <ClCompile Include="Editor\IO\CCP3DSaverOpener.cpp">
      <Filter>Editor\IO</Filter>
    </ClCompile>
  </ItemGroup>
  <ItemGroup>
    <ResourceCompile Include="app.rc">
      <Filter>Sources\Ressources</Filter>
    </ResourceCompile>
  </ItemGroup>
  <ItemGroup>
    <Image Include="app.ico">
      <Filter>Sources\Ressources</Filter>
    </Image>
  </ItemGroup>
</Project>