
Microsoft Visual Studio Solution File, Format Version 12.00
# Visual Studio 2013
VisualStudioVersion = 12.0.31101.0
MinimumVisualStudioVersion = 10.0.40219.1
Project("{8BC9CEB8-8B4A-11D0-8D11-00A0C91BC942}") = "CP3DRLauncher", "CP3DLauncher\CP3DRLauncher_VS2012.vcxproj", "{E5D13F8D-3FC1-40C7-8182-61191702ABEA}"
	ProjectSection(ProjectDependencies) = postProject
		{C17F9620-2790-4A97-B4C3-72B217665BE5} = {C17F9620-2790-4A97-B4C3-72B217665BE5}
		{E3ACF751-9166-4E27-90C7-9827A6E32C9D} = {E3ACF751-9166-4E27-90C7-9827A6E32C9D}
		{ADFC5B97-4AD0-4BB4-A57D-BAF0DEF8134B} = {ADFC5B97-4AD0-4BB4-A57D-BAF0DEF8134B}
		{B7F74BB1-1FCE-4615-A8EC-B2BDC179D071} = {B7F74BB1-1FCE-4615-A8EC-B2BDC179D071}
		{1A0975C0-4456-11E2-A25F-0800200C9A66} = {1A0975C0-4456-11E2-A25F-0800200C9A66}
	EndProjectSection
EndProject
Project("{8BC9CEB8-8B4A-11D0-8D11-00A0C91BC942}") = "Irrlicht", "Dependencies\Irrlicht181\Sources\Irrlicht11.0.vcxproj", "{E08E042A-6C45-411B-92BE-3CC31331019F}"
EndProject
Project("{8BC9CEB8-8B4A-11D0-8D11-00A0C91BC942}") = "CP3DRenderingEngine", "CP3DRenderingEngine\CP3DRenderingEngine.vcxproj", "{B7F74BB1-1FCE-4615-A8EC-B2BDC179D071}"
	ProjectSection(ProjectDependencies) = postProject
		{E08E042A-6C45-411B-92BE-3CC31331019F} = {E08E042A-6C45-411B-92BE-3CC31331019F}
		{ADFC5B97-4AD0-4BB4-A57D-BAF0DEF8134B} = {ADFC5B97-4AD0-4BB4-A57D-BAF0DEF8134B}
	EndProjectSection
EndProject
Project("{8BC9CEB8-8B4A-11D0-8D11-00A0C91BC942}") = "CP3DEngine", "CP3DEngine\CP3DEngine.vcxproj", "{E3ACF751-9166-4E27-90C7-9827A6E32C9D}"
	ProjectSection(ProjectDependencies) = postProject
		{E08E042A-6C45-411B-92BE-3CC31331019F} = {E08E042A-6C45-411B-92BE-3CC31331019F}
		{B7F74BB1-1FCE-4615-A8EC-B2BDC179D071} = {B7F74BB1-1FCE-4615-A8EC-B2BDC179D071}
	EndProjectSection
EndProject
Project("{8BC9CEB8-8B4A-11D0-8D11-00A0C91BC942}") = "CP3DEditor", "CP3DEditor\CP3DEditor.vcxproj", "{C17F9620-2790-4A97-B4C3-72B217665BE5}"
	ProjectSection(ProjectDependencies) = postProject
		{E3ACF751-9166-4E27-90C7-9827A6E32C9D} = {E3ACF751-9166-4E27-90C7-9827A6E32C9D}
		{ADFC5B97-4AD0-4BB4-A57D-BAF0DEF8134B} = {ADFC5B97-4AD0-4BB4-A57D-BAF0DEF8134B}
		{B7F74BB1-1FCE-4615-A8EC-B2BDC179D071} = {B7F74BB1-1FCE-4615-A8EC-B2BDC179D071}
		{1A0975C0-4456-11E2-A25F-0800200C9A66} = {1A0975C0-4456-11E2-A25F-0800200C9A66}
	EndProjectSection
EndProject
Project("{8BC9CEB8-8B4A-11D0-8D11-00A0C91BC942}") = "CP3DRenderingTests", "CP3DRenderingTests\CP3DRenderingTests.vcxproj", "{77CC893D-6971-4390-83E2-0EBABB41ABEB}"
	ProjectSection(ProjectDependencies) = postProject
		{ADFC5B97-4AD0-4BB4-A57D-BAF0DEF8134B} = {ADFC5B97-4AD0-4BB4-A57D-BAF0DEF8134B}
		{B7F74BB1-1FCE-4615-A8EC-B2BDC179D071} = {B7F74BB1-1FCE-4615-A8EC-B2BDC179D071}
	EndProjectSection
EndProject
Project("{8BC9CEB8-8B4A-11D0-8D11-00A0C91BC942}") = "CP3DCollaborativeEngine", "Dependencies\OhmSDK\src\samples\ohm\flip\babystep3\babystep.vcxproj", "{1A0975C0-4456-11E2-A25F-0800200C9A66}"
EndProject
Project("{8BC9CEB8-8B4A-11D0-8D11-00A0C91BC942}") = "Irrlicht_dx11", "Dependencies\Irrlicht181DX11\Sources\Irrlicht11.0.DX11.vcxproj", "{ADFC5B97-4AD0-4BB4-A57D-BAF0DEF8134B}"
EndProject
Project("{8BC9CEB8-8B4A-11D0-8D11-00A0C91BC942}") = "CP3DDefaultMonitor", "CP3DDefaultMonitor\CP3DDefaultMonitor.vcxproj", "{6CB6608D-3962-4A1C-8C40-742F6D2E6F07}"
EndProject
Global
	GlobalSection(SolutionConfigurationPlatforms) = preSolution
		Debug D3D11|ARM = Debug D3D11|ARM
		Debug D3D11|Win32 = Debug D3D11|Win32
		Debug D3D11|x64 = Debug D3D11|x64
		Debug|ARM = Debug|ARM
		Debug|Win32 = Debug|Win32
		Debug|x64 = Debug|x64
		Release - Fast FPU|ARM = Release - Fast FPU|ARM
		Release - Fast FPU|Win32 = Release - Fast FPU|Win32
		Release - Fast FPU|x64 = Release - Fast FPU|x64
		Release|ARM = Release|ARM
		Release|Win32 = Release|Win32
		Release|x64 = Release|x64
		SDL-Debug|ARM = SDL-Debug|ARM
		SDL-Debug|Win32 = SDL-Debug|Win32
		SDL-Debug|x64 = SDL-Debug|x64
		Static lib - Debug|ARM = Static lib - Debug|ARM
		Static lib - Debug|Win32 = Static lib - Debug|Win32
		Static lib - Debug|x64 = Static lib - Debug|x64
		Static lib - Release - Fast FPU|ARM = Static lib - Release - Fast FPU|ARM
		Static lib - Release - Fast FPU|Win32 = Static lib - Release - Fast FPU|Win32
		Static lib - Release - Fast FPU|x64 = Static lib - Release - Fast FPU|x64
		Static lib - Release|ARM = Static lib - Release|ARM
		Static lib - Release|Win32 = Static lib - Release|Win32
		Static lib - Release|x64 = Static lib - Release|x64
	EndGlobalSection
	GlobalSection(ProjectConfigurationPlatforms) = postSolution
		{E5D13F8D-3FC1-40C7-8182-61191702ABEA}.Debug D3D11|ARM.ActiveCfg = Debug D3D11|Win32
		{E5D13F8D-3FC1-40C7-8182-61191702ABEA}.Debug D3D11|Win32.ActiveCfg = Debug D3D11|Win32
		{E5D13F8D-3FC1-40C7-8182-61191702ABEA}.Debug D3D11|Win32.Build.0 = Debug D3D11|Win32
		{E5D13F8D-3FC1-40C7-8182-61191702ABEA}.Debug D3D11|x64.ActiveCfg = Debug D3D11|Win32
		{E5D13F8D-3FC1-40C7-8182-61191702ABEA}.Debug|ARM.ActiveCfg = Debug|Win32
		{E5D13F8D-3FC1-40C7-8182-61191702ABEA}.Debug|Win32.ActiveCfg = Debug|Win32
		{E5D13F8D-3FC1-40C7-8182-61191702ABEA}.Debug|Win32.Build.0 = Debug|Win32
		{E5D13F8D-3FC1-40C7-8182-61191702ABEA}.Debug|x64.ActiveCfg = Debug|Win32
		{E5D13F8D-3FC1-40C7-8182-61191702ABEA}.Release - Fast FPU|ARM.ActiveCfg = Release|Win32
		{E5D13F8D-3FC1-40C7-8182-61191702ABEA}.Release - Fast FPU|Win32.ActiveCfg = Release|Win32
		{E5D13F8D-3FC1-40C7-8182-61191702ABEA}.Release - Fast FPU|Win32.Build.0 = Release|Win32
		{E5D13F8D-3FC1-40C7-8182-61191702ABEA}.Release - Fast FPU|x64.ActiveCfg = Release|Win32
		{E5D13F8D-3FC1-40C7-8182-61191702ABEA}.Release|ARM.ActiveCfg = Release|Win32
		{E5D13F8D-3FC1-40C7-8182-61191702ABEA}.Release|Win32.ActiveCfg = Release|Win32
		{E5D13F8D-3FC1-40C7-8182-61191702ABEA}.Release|Win32.Build.0 = Release|Win32
		{E5D13F8D-3FC1-40C7-8182-61191702ABEA}.Release|x64.ActiveCfg = Release|Win32
		{E5D13F8D-3FC1-40C7-8182-61191702ABEA}.SDL-Debug|ARM.ActiveCfg = Debug|Win32
		{E5D13F8D-3FC1-40C7-8182-61191702ABEA}.SDL-Debug|Win32.ActiveCfg = Debug|Win32
		{E5D13F8D-3FC1-40C7-8182-61191702ABEA}.SDL-Debug|Win32.Build.0 = Debug|Win32
		{E5D13F8D-3FC1-40C7-8182-61191702ABEA}.SDL-Debug|x64.ActiveCfg = Debug|Win32
		{E5D13F8D-3FC1-40C7-8182-61191702ABEA}.Static lib - Debug|ARM.ActiveCfg = Debug|Win32
		{E5D13F8D-3FC1-40C7-8182-61191702ABEA}.Static lib - Debug|Win32.ActiveCfg = Debug|Win32
		{E5D13F8D-3FC1-40C7-8182-61191702ABEA}.Static lib - Debug|Win32.Build.0 = Debug|Win32
		{E5D13F8D-3FC1-40C7-8182-61191702ABEA}.Static lib - Debug|x64.ActiveCfg = Debug|Win32
		{E5D13F8D-3FC1-40C7-8182-61191702ABEA}.Static lib - Release - Fast FPU|ARM.ActiveCfg = Release|Win32
		{E5D13F8D-3FC1-40C7-8182-61191702ABEA}.Static lib - Release - Fast FPU|Win32.ActiveCfg = Release|Win32
		{E5D13F8D-3FC1-40C7-8182-61191702ABEA}.Static lib - Release - Fast FPU|Win32.Build.0 = Release|Win32
		{E5D13F8D-3FC1-40C7-8182-61191702ABEA}.Static lib - Release - Fast FPU|x64.ActiveCfg = Release|Win32
		{E5D13F8D-3FC1-40C7-8182-61191702ABEA}.Static lib - Release|ARM.ActiveCfg = Release|Win32
		{E5D13F8D-3FC1-40C7-8182-61191702ABEA}.Static lib - Release|Win32.ActiveCfg = Release|Win32
		{E5D13F8D-3FC1-40C7-8182-61191702ABEA}.Static lib - Release|Win32.Build.0 = Release|Win32
		{E5D13F8D-3FC1-40C7-8182-61191702ABEA}.Static lib - Release|x64.ActiveCfg = Release|Win32
		{E08E042A-6C45-411B-92BE-3CC31331019F}.Debug D3D11|ARM.ActiveCfg = Debug D3D11|Win32
		{E08E042A-6C45-411B-92BE-3CC31331019F}.Debug D3D11|Win32.ActiveCfg = Debug D3D11|Win32
		{E08E042A-6C45-411B-92BE-3CC31331019F}.Debug D3D11|x64.ActiveCfg = Debug D3D11|x64
		{E08E042A-6C45-411B-92BE-3CC31331019F}.Debug D3D11|x64.Build.0 = Debug D3D11|x64
		{E08E042A-6C45-411B-92BE-3CC31331019F}.Debug|ARM.ActiveCfg = Debug|Win32
		{E08E042A-6C45-411B-92BE-3CC31331019F}.Debug|Win32.ActiveCfg = Debug|Win32
		{E08E042A-6C45-411B-92BE-3CC31331019F}.Debug|Win32.Build.0 = Debug|Win32
		{E08E042A-6C45-411B-92BE-3CC31331019F}.Debug|x64.ActiveCfg = Debug|x64
		{E08E042A-6C45-411B-92BE-3CC31331019F}.Debug|x64.Build.0 = Debug|x64
		{E08E042A-6C45-411B-92BE-3CC31331019F}.Debug|x64.Deploy.0 = Debug|x64
		{E08E042A-6C45-411B-92BE-3CC31331019F}.Release - Fast FPU|ARM.ActiveCfg = Release - Fast FPU|Win32
		{E08E042A-6C45-411B-92BE-3CC31331019F}.Release - Fast FPU|Win32.ActiveCfg = Release - Fast FPU|Win32
		{E08E042A-6C45-411B-92BE-3CC31331019F}.Release - Fast FPU|Win32.Build.0 = Release - Fast FPU|Win32
		{E08E042A-6C45-411B-92BE-3CC31331019F}.Release - Fast FPU|x64.ActiveCfg = Release - Fast FPU|x64
		{E08E042A-6C45-411B-92BE-3CC31331019F}.Release - Fast FPU|x64.Build.0 = Release - Fast FPU|x64
		{E08E042A-6C45-411B-92BE-3CC31331019F}.Release|ARM.ActiveCfg = Release|Win32
		{E08E042A-6C45-411B-92BE-3CC31331019F}.Release|Win32.ActiveCfg = Release|Win32
		{E08E042A-6C45-411B-92BE-3CC31331019F}.Release|Win32.Build.0 = Release|Win32
		{E08E042A-6C45-411B-92BE-3CC31331019F}.Release|x64.ActiveCfg = Release|x64
		{E08E042A-6C45-411B-92BE-3CC31331019F}.Release|x64.Build.0 = Release|x64
		{E08E042A-6C45-411B-92BE-3CC31331019F}.SDL-Debug|ARM.ActiveCfg = SDL-Debug|Win32
		{E08E042A-6C45-411B-92BE-3CC31331019F}.SDL-Debug|Win32.ActiveCfg = SDL-Debug|Win32
		{E08E042A-6C45-411B-92BE-3CC31331019F}.SDL-Debug|Win32.Build.0 = SDL-Debug|Win32
		{E08E042A-6C45-411B-92BE-3CC31331019F}.SDL-Debug|x64.ActiveCfg = SDL-Debug|x64
		{E08E042A-6C45-411B-92BE-3CC31331019F}.SDL-Debug|x64.Build.0 = SDL-Debug|x64
		{E08E042A-6C45-411B-92BE-3CC31331019F}.Static lib - Debug|ARM.ActiveCfg = Static lib - Debug|Win32
		{E08E042A-6C45-411B-92BE-3CC31331019F}.Static lib - Debug|Win32.ActiveCfg = Static lib - Debug|Win32
		{E08E042A-6C45-411B-92BE-3CC31331019F}.Static lib - Debug|Win32.Build.0 = Static lib - Debug|Win32
		{E08E042A-6C45-411B-92BE-3CC31331019F}.Static lib - Debug|x64.ActiveCfg = Static lib - Debug|x64
		{E08E042A-6C45-411B-92BE-3CC31331019F}.Static lib - Debug|x64.Build.0 = Static lib - Debug|x64
		{E08E042A-6C45-411B-92BE-3CC31331019F}.Static lib - Release - Fast FPU|ARM.ActiveCfg = Static lib - Release - Fast FPU|Win32
		{E08E042A-6C45-411B-92BE-3CC31331019F}.Static lib - Release - Fast FPU|Win32.ActiveCfg = Static lib - Release - Fast FPU|Win32
		{E08E042A-6C45-411B-92BE-3CC31331019F}.Static lib - Release - Fast FPU|Win32.Build.0 = Static lib - Release - Fast FPU|Win32
		{E08E042A-6C45-411B-92BE-3CC31331019F}.Static lib - Release - Fast FPU|x64.ActiveCfg = Static lib - Release - Fast FPU|x64
		{E08E042A-6C45-411B-92BE-3CC31331019F}.Static lib - Release - Fast FPU|x64.Build.0 = Static lib - Release - Fast FPU|x64
		{E08E042A-6C45-411B-92BE-3CC31331019F}.Static lib - Release|ARM.ActiveCfg = Static lib - Release|Win32
		{E08E042A-6C45-411B-92BE-3CC31331019F}.Static lib - Release|Win32.ActiveCfg = Static lib - Release|Win32
		{E08E042A-6C45-411B-92BE-3CC31331019F}.Static lib - Release|Win32.Build.0 = Static lib - Release|Win32
		{E08E042A-6C45-411B-92BE-3CC31331019F}.Static lib - Release|x64.ActiveCfg = Static lib - Release|x64
		{E08E042A-6C45-411B-92BE-3CC31331019F}.Static lib - Release|x64.Build.0 = Static lib - Release|x64
		{B7F74BB1-1FCE-4615-A8EC-B2BDC179D071}.Debug D3D11|ARM.ActiveCfg = Debug D3D11|Win32
		{B7F74BB1-1FCE-4615-A8EC-B2BDC179D071}.Debug D3D11|Win32.ActiveCfg = Debug D3D11|Win32
		{B7F74BB1-1FCE-4615-A8EC-B2BDC179D071}.Debug D3D11|Win32.Build.0 = Debug D3D11|Win32
		{B7F74BB1-1FCE-4615-A8EC-B2BDC179D071}.Debug D3D11|x64.ActiveCfg = Debug D3D11|Win32
		{B7F74BB1-1FCE-4615-A8EC-B2BDC179D071}.Debug|ARM.ActiveCfg = Debug|Win32
		{B7F74BB1-1FCE-4615-A8EC-B2BDC179D071}.Debug|Win32.ActiveCfg = Debug|Win32
		{B7F74BB1-1FCE-4615-A8EC-B2BDC179D071}.Debug|Win32.Build.0 = Debug|Win32
		{B7F74BB1-1FCE-4615-A8EC-B2BDC179D071}.Debug|x64.ActiveCfg = Debug|Win32
		{B7F74BB1-1FCE-4615-A8EC-B2BDC179D071}.Release - Fast FPU|ARM.ActiveCfg = Release|Win32
		{B7F74BB1-1FCE-4615-A8EC-B2BDC179D071}.Release - Fast FPU|Win32.ActiveCfg = Release|Win32
		{B7F74BB1-1FCE-4615-A8EC-B2BDC179D071}.Release - Fast FPU|Win32.Build.0 = Release|Win32
		{B7F74BB1-1FCE-4615-A8EC-B2BDC179D071}.Release - Fast FPU|x64.ActiveCfg = Release|Win32
		{B7F74BB1-1FCE-4615-A8EC-B2BDC179D071}.Release|ARM.ActiveCfg = Release|Win32
		{B7F74BB1-1FCE-4615-A8EC-B2BDC179D071}.Release|Win32.ActiveCfg = Release|Win32
		{B7F74BB1-1FCE-4615-A8EC-B2BDC179D071}.Release|Win32.Build.0 = Release|Win32
		{B7F74BB1-1FCE-4615-A8EC-B2BDC179D071}.Release|x64.ActiveCfg = Release|Win32
		{B7F74BB1-1FCE-4615-A8EC-B2BDC179D071}.SDL-Debug|ARM.ActiveCfg = Debug|Win32
		{B7F74BB1-1FCE-4615-A8EC-B2BDC179D071}.SDL-Debug|Win32.ActiveCfg = Debug|Win32
		{B7F74BB1-1FCE-4615-A8EC-B2BDC179D071}.SDL-Debug|Win32.Build.0 = Debug|Win32
		{B7F74BB1-1FCE-4615-A8EC-B2BDC179D071}.SDL-Debug|x64.ActiveCfg = Debug|Win32
		{B7F74BB1-1FCE-4615-A8EC-B2BDC179D071}.Static lib - Debug|ARM.ActiveCfg = Debug|Win32
		{B7F74BB1-1FCE-4615-A8EC-B2BDC179D071}.Static lib - Debug|Win32.ActiveCfg = Debug|Win32
		{B7F74BB1-1FCE-4615-A8EC-B2BDC179D071}.Static lib - Debug|Win32.Build.0 = Debug|Win32
		{B7F74BB1-1FCE-4615-A8EC-B2BDC179D071}.Static lib - Debug|x64.ActiveCfg = Debug|Win32
		{B7F74BB1-1FCE-4615-A8EC-B2BDC179D071}.Static lib - Release - Fast FPU|ARM.ActiveCfg = Release|Win32
		{B7F74BB1-1FCE-4615-A8EC-B2BDC179D071}.Static lib - Release - Fast FPU|Win32.ActiveCfg = Release|Win32
		{B7F74BB1-1FCE-4615-A8EC-B2BDC179D071}.Static lib - Release - Fast FPU|Win32.Build.0 = Release|Win32
		{B7F74BB1-1FCE-4615-A8EC-B2BDC179D071}.Static lib - Release - Fast FPU|x64.ActiveCfg = Release|Win32
		{B7F74BB1-1FCE-4615-A8EC-B2BDC179D071}.Static lib - Release|ARM.ActiveCfg = Release|Win32
		{B7F74BB1-1FCE-4615-A8EC-B2BDC179D071}.Static lib - Release|Win32.ActiveCfg = Release|Win32
		{B7F74BB1-1FCE-4615-A8EC-B2BDC179D071}.Static lib - Release|Win32.Build.0 = Release|Win32
		{B7F74BB1-1FCE-4615-A8EC-B2BDC179D071}.Static lib - Release|x64.ActiveCfg = Release|Win32
		{E3ACF751-9166-4E27-90C7-9827A6E32C9D}.Debug D3D11|ARM.ActiveCfg = Debug D3D11|Win32
		{E3ACF751-9166-4E27-90C7-9827A6E32C9D}.Debug D3D11|Win32.ActiveCfg = Debug D3D11|Win32
		{E3ACF751-9166-4E27-90C7-9827A6E32C9D}.Debug D3D11|Win32.Build.0 = Debug D3D11|Win32
		{E3ACF751-9166-4E27-90C7-9827A6E32C9D}.Debug D3D11|x64.ActiveCfg = Debug D3D11|Win32
		{E3ACF751-9166-4E27-90C7-9827A6E32C9D}.Debug|ARM.ActiveCfg = Debug|Win32
		{E3ACF751-9166-4E27-90C7-9827A6E32C9D}.Debug|Win32.ActiveCfg = Debug|Win32
		{E3ACF751-9166-4E27-90C7-9827A6E32C9D}.Debug|Win32.Build.0 = Debug|Win32
		{E3ACF751-9166-4E27-90C7-9827A6E32C9D}.Debug|x64.ActiveCfg = Debug|Win32
		{E3ACF751-9166-4E27-90C7-9827A6E32C9D}.Release - Fast FPU|ARM.ActiveCfg = Release|Win32
		{E3ACF751-9166-4E27-90C7-9827A6E32C9D}.Release - Fast FPU|Win32.ActiveCfg = Release|Win32
		{E3ACF751-9166-4E27-90C7-9827A6E32C9D}.Release - Fast FPU|Win32.Build.0 = Release|Win32
		{E3ACF751-9166-4E27-90C7-9827A6E32C9D}.Release - Fast FPU|x64.ActiveCfg = Release|Win32
		{E3ACF751-9166-4E27-90C7-9827A6E32C9D}.Release|ARM.ActiveCfg = Release|Win32
		{E3ACF751-9166-4E27-90C7-9827A6E32C9D}.Release|Win32.ActiveCfg = Release|Win32
		{E3ACF751-9166-4E27-90C7-9827A6E32C9D}.Release|Win32.Build.0 = Release|Win32
		{E3ACF751-9166-4E27-90C7-9827A6E32C9D}.Release|x64.ActiveCfg = Release|Win32
		{E3ACF751-9166-4E27-90C7-9827A6E32C9D}.SDL-Debug|ARM.ActiveCfg = Debug|Win32
		{E3ACF751-9166-4E27-90C7-9827A6E32C9D}.SDL-Debug|Win32.ActiveCfg = Debug|Win32
		{E3ACF751-9166-4E27-90C7-9827A6E32C9D}.SDL-Debug|Win32.Build.0 = Debug|Win32
		{E3ACF751-9166-4E27-90C7-9827A6E32C9D}.SDL-Debug|x64.ActiveCfg = Debug|Win32
		{E3ACF751-9166-4E27-90C7-9827A6E32C9D}.Static lib - Debug|ARM.ActiveCfg = Debug|Win32
		{E3ACF751-9166-4E27-90C7-9827A6E32C9D}.Static lib - Debug|Win32.ActiveCfg = Debug|Win32
		{E3ACF751-9166-4E27-90C7-9827A6E32C9D}.Static lib - Debug|Win32.Build.0 = Debug|Win32
		{E3ACF751-9166-4E27-90C7-9827A6E32C9D}.Static lib - Debug|x64.ActiveCfg = Debug|Win32
		{E3ACF751-9166-4E27-90C7-9827A6E32C9D}.Static lib - Release - Fast FPU|ARM.ActiveCfg = Release|Win32
		{E3ACF751-9166-4E27-90C7-9827A6E32C9D}.Static lib - Release - Fast FPU|Win32.ActiveCfg = Release|Win32
		{E3ACF751-9166-4E27-90C7-9827A6E32C9D}.Static lib - Release - Fast FPU|Win32.Build.0 = Release|Win32
		{E3ACF751-9166-4E27-90C7-9827A6E32C9D}.Static lib - Release - Fast FPU|x64.ActiveCfg = Release|Win32
		{E3ACF751-9166-4E27-90C7-9827A6E32C9D}.Static lib - Release|ARM.ActiveCfg = Release|Win32
		{E3ACF751-9166-4E27-90C7-9827A6E32C9D}.Static lib - Release|Win32.ActiveCfg = Release|Win32
		{E3ACF751-9166-4E27-90C7-9827A6E32C9D}.Static lib - Release|Win32.Build.0 = Release|Win32
		{E3ACF751-9166-4E27-90C7-9827A6E32C9D}.Static lib - Release|x64.ActiveCfg = Release|Win32
		{C17F9620-2790-4A97-B4C3-72B217665BE5}.Debug D3D11|ARM.ActiveCfg = Debug D3D11|Win32
		{C17F9620-2790-4A97-B4C3-72B217665BE5}.Debug D3D11|Win32.ActiveCfg = Debug D3D11|Win32
		{C17F9620-2790-4A97-B4C3-72B217665BE5}.Debug D3D11|Win32.Build.0 = Debug D3D11|Win32
		{C17F9620-2790-4A97-B4C3-72B217665BE5}.Debug D3D11|x64.ActiveCfg = Debug D3D11|Win32
		{C17F9620-2790-4A97-B4C3-72B217665BE5}.Debug|ARM.ActiveCfg = Debug|Win32
		{C17F9620-2790-4A97-B4C3-72B217665BE5}.Debug|Win32.ActiveCfg = Debug|Win32
		{C17F9620-2790-4A97-B4C3-72B217665BE5}.Debug|Win32.Build.0 = Debug|Win32
		{C17F9620-2790-4A97-B4C3-72B217665BE5}.Debug|x64.ActiveCfg = Debug|Win32
		{C17F9620-2790-4A97-B4C3-72B217665BE5}.Release - Fast FPU|ARM.ActiveCfg = Release|Win32
		{C17F9620-2790-4A97-B4C3-72B217665BE5}.Release - Fast FPU|Win32.ActiveCfg = Release|Win32
		{C17F9620-2790-4A97-B4C3-72B217665BE5}.Release - Fast FPU|Win32.Build.0 = Release|Win32
		{C17F9620-2790-4A97-B4C3-72B217665BE5}.Release - Fast FPU|x64.ActiveCfg = Release|Win32
		{C17F9620-2790-4A97-B4C3-72B217665BE5}.Release|ARM.ActiveCfg = Release|Win32
		{C17F9620-2790-4A97-B4C3-72B217665BE5}.Release|Win32.ActiveCfg = Release|Win32
		{C17F9620-2790-4A97-B4C3-72B217665BE5}.Release|Win32.Build.0 = Release|Win32
		{C17F9620-2790-4A97-B4C3-72B217665BE5}.Release|x64.ActiveCfg = Release|Win32
		{C17F9620-2790-4A97-B4C3-72B217665BE5}.SDL-Debug|ARM.ActiveCfg = Debug|Win32
		{C17F9620-2790-4A97-B4C3-72B217665BE5}.SDL-Debug|Win32.ActiveCfg = Debug|Win32
		{C17F9620-2790-4A97-B4C3-72B217665BE5}.SDL-Debug|Win32.Build.0 = Debug|Win32
		{C17F9620-2790-4A97-B4C3-72B217665BE5}.SDL-Debug|x64.ActiveCfg = Debug|Win32
		{C17F9620-2790-4A97-B4C3-72B217665BE5}.Static lib - Debug|ARM.ActiveCfg = Debug|Win32
		{C17F9620-2790-4A97-B4C3-72B217665BE5}.Static lib - Debug|Win32.ActiveCfg = Debug|Win32
		{C17F9620-2790-4A97-B4C3-72B217665BE5}.Static lib - Debug|Win32.Build.0 = Debug|Win32
		{C17F9620-2790-4A97-B4C3-72B217665BE5}.Static lib - Debug|x64.ActiveCfg = Debug|Win32
		{C17F9620-2790-4A97-B4C3-72B217665BE5}.Static lib - Release - Fast FPU|ARM.ActiveCfg = Release|Win32
		{C17F9620-2790-4A97-B4C3-72B217665BE5}.Static lib - Release - Fast FPU|Win32.ActiveCfg = Release|Win32
		{C17F9620-2790-4A97-B4C3-72B217665BE5}.Static lib - Release - Fast FPU|Win32.Build.0 = Release|Win32
		{C17F9620-2790-4A97-B4C3-72B217665BE5}.Static lib - Release - Fast FPU|x64.ActiveCfg = Release|Win32
		{C17F9620-2790-4A97-B4C3-72B217665BE5}.Static lib - Release|ARM.ActiveCfg = Release|Win32
		{C17F9620-2790-4A97-B4C3-72B217665BE5}.Static lib - Release|Win32.ActiveCfg = Release|Win32
		{C17F9620-2790-4A97-B4C3-72B217665BE5}.Static lib - Release|Win32.Build.0 = Release|Win32
		{C17F9620-2790-4A97-B4C3-72B217665BE5}.Static lib - Release|x64.ActiveCfg = Release|Win32
		{77CC893D-6971-4390-83E2-0EBABB41ABEB}.Debug D3D11|ARM.ActiveCfg = Debug D3D11|Win32
		{77CC893D-6971-4390-83E2-0EBABB41ABEB}.Debug D3D11|Win32.ActiveCfg = Debug D3D11|Win32
		{77CC893D-6971-4390-83E2-0EBABB41ABEB}.Debug D3D11|Win32.Build.0 = Debug D3D11|Win32
		{77CC893D-6971-4390-83E2-0EBABB41ABEB}.Debug D3D11|x64.ActiveCfg = Debug D3D11|Win32
		{77CC893D-6971-4390-83E2-0EBABB41ABEB}.Debug|ARM.ActiveCfg = Debug|Win32
		{77CC893D-6971-4390-83E2-0EBABB41ABEB}.Debug|Win32.ActiveCfg = Debug|Win32
		{77CC893D-6971-4390-83E2-0EBABB41ABEB}.Debug|Win32.Build.0 = Debug|Win32
		{77CC893D-6971-4390-83E2-0EBABB41ABEB}.Debug|x64.ActiveCfg = Debug|Win32
		{77CC893D-6971-4390-83E2-0EBABB41ABEB}.Release - Fast FPU|ARM.ActiveCfg = Release|Win32
		{77CC893D-6971-4390-83E2-0EBABB41ABEB}.Release - Fast FPU|Win32.ActiveCfg = Release|Win32
		{77CC893D-6971-4390-83E2-0EBABB41ABEB}.Release - Fast FPU|Win32.Build.0 = Release|Win32
		{77CC893D-6971-4390-83E2-0EBABB41ABEB}.Release - Fast FPU|x64.ActiveCfg = Release|Win32
		{77CC893D-6971-4390-83E2-0EBABB41ABEB}.Release|ARM.ActiveCfg = Release|Win32
		{77CC893D-6971-4390-83E2-0EBABB41ABEB}.Release|Win32.ActiveCfg = Release|Win32
		{77CC893D-6971-4390-83E2-0EBABB41ABEB}.Release|Win32.Build.0 = Release|Win32
		{77CC893D-6971-4390-83E2-0EBABB41ABEB}.Release|x64.ActiveCfg = Release|Win32
		{77CC893D-6971-4390-83E2-0EBABB41ABEB}.SDL-Debug|ARM.ActiveCfg = Debug|Win32
		{77CC893D-6971-4390-83E2-0EBABB41ABEB}.SDL-Debug|Win32.ActiveCfg = Debug|Win32
		{77CC893D-6971-4390-83E2-0EBABB41ABEB}.SDL-Debug|Win32.Build.0 = Debug|Win32
		{77CC893D-6971-4390-83E2-0EBABB41ABEB}.SDL-Debug|x64.ActiveCfg = Debug|Win32
		{77CC893D-6971-4390-83E2-0EBABB41ABEB}.Static lib - Debug|ARM.ActiveCfg = Debug|Win32
		{77CC893D-6971-4390-83E2-0EBABB41ABEB}.Static lib - Debug|Win32.ActiveCfg = Debug|Win32
		{77CC893D-6971-4390-83E2-0EBABB41ABEB}.Static lib - Debug|Win32.Build.0 = Debug|Win32
		{77CC893D-6971-4390-83E2-0EBABB41ABEB}.Static lib - Debug|x64.ActiveCfg = Debug|Win32
		{77CC893D-6971-4390-83E2-0EBABB41ABEB}.Static lib - Release - Fast FPU|ARM.ActiveCfg = Release|Win32
		{77CC893D-6971-4390-83E2-0EBABB41ABEB}.Static lib - Release - Fast FPU|Win32.ActiveCfg = Release|Win32
		{77CC893D-6971-4390-83E2-0EBABB41ABEB}.Static lib - Release - Fast FPU|Win32.Build.0 = Release|Win32
		{77CC893D-6971-4390-83E2-0EBABB41ABEB}.Static lib - Release - Fast FPU|x64.ActiveCfg = Release|Win32
		{77CC893D-6971-4390-83E2-0EBABB41ABEB}.Static lib - Release|ARM.ActiveCfg = Release|Win32
		{77CC893D-6971-4390-83E2-0EBABB41ABEB}.Static lib - Release|Win32.ActiveCfg = Release|Win32
		{77CC893D-6971-4390-83E2-0EBABB41ABEB}.Static lib - Release|Win32.Build.0 = Release|Win32
		{77CC893D-6971-4390-83E2-0EBABB41ABEB}.Static lib - Release|x64.ActiveCfg = Release|Win32
		{1A0975C0-4456-11E2-A25F-0800200C9A66}.Debug D3D11|ARM.ActiveCfg = Debug|Win32
		{1A0975C0-4456-11E2-A25F-0800200C9A66}.Debug D3D11|Win32.ActiveCfg = Debug|Win32
		{1A0975C0-4456-11E2-A25F-0800200C9A66}.Debug D3D11|Win32.Build.0 = Debug|Win32
		{1A0975C0-4456-11E2-A25F-0800200C9A66}.Debug D3D11|x64.ActiveCfg = Debug|Win32
		{1A0975C0-4456-11E2-A25F-0800200C9A66}.Debug|ARM.ActiveCfg = Debug|Win32
		{1A0975C0-4456-11E2-A25F-0800200C9A66}.Debug|Win32.ActiveCfg = Debug|Win32
		{1A0975C0-4456-11E2-A25F-0800200C9A66}.Debug|Win32.Build.0 = Debug|Win32
		{1A0975C0-4456-11E2-A25F-0800200C9A66}.Debug|x64.ActiveCfg = Debug|Win32
		{1A0975C0-4456-11E2-A25F-0800200C9A66}.Release - Fast FPU|ARM.ActiveCfg = Release|Win32
		{1A0975C0-4456-11E2-A25F-0800200C9A66}.Release - Fast FPU|Win32.ActiveCfg = Release|Win32
		{1A0975C0-4456-11E2-A25F-0800200C9A66}.Release - Fast FPU|Win32.Build.0 = Release|Win32
		{1A0975C0-4456-11E2-A25F-0800200C9A66}.Release - Fast FPU|x64.ActiveCfg = Release|Win32
		{1A0975C0-4456-11E2-A25F-0800200C9A66}.Release|ARM.ActiveCfg = Release|Win32
		{1A0975C0-4456-11E2-A25F-0800200C9A66}.Release|Win32.ActiveCfg = Release|Win32
		{1A0975C0-4456-11E2-A25F-0800200C9A66}.Release|Win32.Build.0 = Release|Win32
		{1A0975C0-4456-11E2-A25F-0800200C9A66}.Release|x64.ActiveCfg = Release|Win32
		{1A0975C0-4456-11E2-A25F-0800200C9A66}.SDL-Debug|ARM.ActiveCfg = Debug|Win32
		{1A0975C0-4456-11E2-A25F-0800200C9A66}.SDL-Debug|Win32.ActiveCfg = Debug|Win32
		{1A0975C0-4456-11E2-A25F-0800200C9A66}.SDL-Debug|Win32.Build.0 = Debug|Win32
		{1A0975C0-4456-11E2-A25F-0800200C9A66}.SDL-Debug|x64.ActiveCfg = Debug|Win32
		{1A0975C0-4456-11E2-A25F-0800200C9A66}.Static lib - Debug|ARM.ActiveCfg = Debug|Win32
		{1A0975C0-4456-11E2-A25F-0800200C9A66}.Static lib - Debug|Win32.ActiveCfg = Debug|Win32
		{1A0975C0-4456-11E2-A25F-0800200C9A66}.Static lib - Debug|Win32.Build.0 = Debug|Win32
		{1A0975C0-4456-11E2-A25F-0800200C9A66}.Static lib - Debug|x64.ActiveCfg = Debug|Win32
		{1A0975C0-4456-11E2-A25F-0800200C9A66}.Static lib - Release - Fast FPU|ARM.ActiveCfg = Release|Win32
		{1A0975C0-4456-11E2-A25F-0800200C9A66}.Static lib - Release - Fast FPU|Win32.ActiveCfg = Release|Win32
		{1A0975C0-4456-11E2-A25F-0800200C9A66}.Static lib - Release - Fast FPU|Win32.Build.0 = Release|Win32
		{1A0975C0-4456-11E2-A25F-0800200C9A66}.Static lib - Release - Fast FPU|x64.ActiveCfg = Release|Win32
		{1A0975C0-4456-11E2-A25F-0800200C9A66}.Static lib - Release|ARM.ActiveCfg = Release|Win32
		{1A0975C0-4456-11E2-A25F-0800200C9A66}.Static lib - Release|Win32.ActiveCfg = Release|Win32
		{1A0975C0-4456-11E2-A25F-0800200C9A66}.Static lib - Release|Win32.Build.0 = Release|Win32
		{1A0975C0-4456-11E2-A25F-0800200C9A66}.Static lib - Release|x64.ActiveCfg = Release|Win32
		{ADFC5B97-4AD0-4BB4-A57D-BAF0DEF8134B}.Debug D3D11|ARM.ActiveCfg = Debug D3D11|Win32
		{ADFC5B97-4AD0-4BB4-A57D-BAF0DEF8134B}.Debug D3D11|Win32.ActiveCfg = Debug D3D11|Win32
		{ADFC5B97-4AD0-4BB4-A57D-BAF0DEF8134B}.Debug D3D11|Win32.Build.0 = Debug D3D11|Win32
		{ADFC5B97-4AD0-4BB4-A57D-BAF0DEF8134B}.Debug D3D11|x64.ActiveCfg = Debug D3D11|x64
		{ADFC5B97-4AD0-4BB4-A57D-BAF0DEF8134B}.Debug D3D11|x64.Build.0 = Debug D3D11|x64
		{ADFC5B97-4AD0-4BB4-A57D-BAF0DEF8134B}.Debug|ARM.ActiveCfg = Debug|Win32
		{ADFC5B97-4AD0-4BB4-A57D-BAF0DEF8134B}.Debug|Win32.ActiveCfg = Debug|Win32
		{ADFC5B97-4AD0-4BB4-A57D-BAF0DEF8134B}.Debug|x64.ActiveCfg = Debug|x64
		{ADFC5B97-4AD0-4BB4-A57D-BAF0DEF8134B}.Debug|x64.Build.0 = Debug|x64
		{ADFC5B97-4AD0-4BB4-A57D-BAF0DEF8134B}.Release - Fast FPU|ARM.ActiveCfg = Release - Fast FPU|Win32
		{ADFC5B97-4AD0-4BB4-A57D-BAF0DEF8134B}.Release - Fast FPU|Win32.ActiveCfg = Release - Fast FPU|Win32
		{ADFC5B97-4AD0-4BB4-A57D-BAF0DEF8134B}.Release - Fast FPU|Win32.Build.0 = Release - Fast FPU|Win32
		{ADFC5B97-4AD0-4BB4-A57D-BAF0DEF8134B}.Release - Fast FPU|x64.ActiveCfg = Release - Fast FPU|x64
		{ADFC5B97-4AD0-4BB4-A57D-BAF0DEF8134B}.Release - Fast FPU|x64.Build.0 = Release - Fast FPU|x64
		{ADFC5B97-4AD0-4BB4-A57D-BAF0DEF8134B}.Release|ARM.ActiveCfg = Release|Win32
		{ADFC5B97-4AD0-4BB4-A57D-BAF0DEF8134B}.Release|Win32.ActiveCfg = Release|Win32
		{ADFC5B97-4AD0-4BB4-A57D-BAF0DEF8134B}.Release|x64.ActiveCfg = Release|x64
		{ADFC5B97-4AD0-4BB4-A57D-BAF0DEF8134B}.Release|x64.Build.0 = Release|x64
		{ADFC5B97-4AD0-4BB4-A57D-BAF0DEF8134B}.SDL-Debug|ARM.ActiveCfg = SDL-Debug|Win32
		{ADFC5B97-4AD0-4BB4-A57D-BAF0DEF8134B}.SDL-Debug|Win32.ActiveCfg = SDL-Debug|Win32
		{ADFC5B97-4AD0-4BB4-A57D-BAF0DEF8134B}.SDL-Debug|Win32.Build.0 = SDL-Debug|Win32
		{ADFC5B97-4AD0-4BB4-A57D-BAF0DEF8134B}.SDL-Debug|x64.ActiveCfg = SDL-Debug|x64
		{ADFC5B97-4AD0-4BB4-A57D-BAF0DEF8134B}.SDL-Debug|x64.Build.0 = SDL-Debug|x64
		{ADFC5B97-4AD0-4BB4-A57D-BAF0DEF8134B}.Static lib - Debug|ARM.ActiveCfg = Static lib - Debug|Win32
		{ADFC5B97-4AD0-4BB4-A57D-BAF0DEF8134B}.Static lib - Debug|Win32.ActiveCfg = Static lib - Debug|Win32
		{ADFC5B97-4AD0-4BB4-A57D-BAF0DEF8134B}.Static lib - Debug|Win32.Build.0 = Static lib - Debug|Win32
		{ADFC5B97-4AD0-4BB4-A57D-BAF0DEF8134B}.Static lib - Debug|x64.ActiveCfg = Static lib - Debug|x64
		{ADFC5B97-4AD0-4BB4-A57D-BAF0DEF8134B}.Static lib - Debug|x64.Build.0 = Static lib - Debug|x64
		{ADFC5B97-4AD0-4BB4-A57D-BAF0DEF8134B}.Static lib - Release - Fast FPU|ARM.ActiveCfg = Static lib - Release - Fast FPU|Win32
		{ADFC5B97-4AD0-4BB4-A57D-BAF0DEF8134B}.Static lib - Release - Fast FPU|Win32.ActiveCfg = Static lib - Release - Fast FPU|Win32
		{ADFC5B97-4AD0-4BB4-A57D-BAF0DEF8134B}.Static lib - Release - Fast FPU|Win32.Build.0 = Static lib - Release - Fast FPU|Win32
		{ADFC5B97-4AD0-4BB4-A57D-BAF0DEF8134B}.Static lib - Release - Fast FPU|x64.ActiveCfg = Static lib - Release - Fast FPU|x64
		{ADFC5B97-4AD0-4BB4-A57D-BAF0DEF8134B}.Static lib - Release - Fast FPU|x64.Build.0 = Static lib - Release - Fast FPU|x64
		{ADFC5B97-4AD0-4BB4-A57D-BAF0DEF8134B}.Static lib - Release|ARM.ActiveCfg = Static lib - Release|Win32
		{ADFC5B97-4AD0-4BB4-A57D-BAF0DEF8134B}.Static lib - Release|Win32.ActiveCfg = Static lib - Release|Win32
		{ADFC5B97-4AD0-4BB4-A57D-BAF0DEF8134B}.Static lib - Release|Win32.Build.0 = Static lib - Release|Win32
		{ADFC5B97-4AD0-4BB4-A57D-BAF0DEF8134B}.Static lib - Release|x64.ActiveCfg = Static lib - Release|x64
		{ADFC5B97-4AD0-4BB4-A57D-BAF0DEF8134B}.Static lib - Release|x64.Build.0 = Static lib - Release|x64
		{6CB6608D-3962-4A1C-8C40-742F6D2E6F07}.Debug D3D11|ARM.ActiveCfg = Debug|Win32
		{6CB6608D-3962-4A1C-8C40-742F6D2E6F07}.Debug D3D11|Win32.ActiveCfg = Debug|Win32
		{6CB6608D-3962-4A1C-8C40-742F6D2E6F07}.Debug D3D11|Win32.Build.0 = Debug|Win32
		{6CB6608D-3962-4A1C-8C40-742F6D2E6F07}.Debug D3D11|x64.ActiveCfg = Debug|Win32
		{6CB6608D-3962-4A1C-8C40-742F6D2E6F07}.Debug|ARM.ActiveCfg = Debug|Win32
		{6CB6608D-3962-4A1C-8C40-742F6D2E6F07}.Debug|Win32.ActiveCfg = Debug|Win32
		{6CB6608D-3962-4A1C-8C40-742F6D2E6F07}.Debug|Win32.Build.0 = Debug|Win32
		{6CB6608D-3962-4A1C-8C40-742F6D2E6F07}.Debug|x64.ActiveCfg = Debug|Win32
		{6CB6608D-3962-4A1C-8C40-742F6D2E6F07}.Release - Fast FPU|ARM.ActiveCfg = Release|Win32
		{6CB6608D-3962-4A1C-8C40-742F6D2E6F07}.Release - Fast FPU|Win32.ActiveCfg = Release|Win32
		{6CB6608D-3962-4A1C-8C40-742F6D2E6F07}.Release - Fast FPU|Win32.Build.0 = Release|Win32
		{6CB6608D-3962-4A1C-8C40-742F6D2E6F07}.Release - Fast FPU|x64.ActiveCfg = Release|Win32
		{6CB6608D-3962-4A1C-8C40-742F6D2E6F07}.Release|ARM.ActiveCfg = Release|Win32
		{6CB6608D-3962-4A1C-8C40-742F6D2E6F07}.Release|Win32.ActiveCfg = Release|Win32
		{6CB6608D-3962-4A1C-8C40-742F6D2E6F07}.Release|Win32.Build.0 = Release|Win32
		{6CB6608D-3962-4A1C-8C40-742F6D2E6F07}.Release|x64.ActiveCfg = Release|Win32
		{6CB6608D-3962-4A1C-8C40-742F6D2E6F07}.SDL-Debug|ARM.ActiveCfg = Debug|Win32
		{6CB6608D-3962-4A1C-8C40-742F6D2E6F07}.SDL-Debug|Win32.ActiveCfg = Debug|Win32
		{6CB6608D-3962-4A1C-8C40-742F6D2E6F07}.SDL-Debug|Win32.Build.0 = Debug|Win32
		{6CB6608D-3962-4A1C-8C40-742F6D2E6F07}.SDL-Debug|x64.ActiveCfg = Debug|Win32
		{6CB6608D-3962-4A1C-8C40-742F6D2E6F07}.Static lib - Debug|ARM.ActiveCfg = Debug|Win32
		{6CB6608D-3962-4A1C-8C40-742F6D2E6F07}.Static lib - Debug|Win32.ActiveCfg = Debug|Win32
		{6CB6608D-3962-4A1C-8C40-742F6D2E6F07}.Static lib - Debug|Win32.Build.0 = Debug|Win32
		{6CB6608D-3962-4A1C-8C40-742F6D2E6F07}.Static lib - Debug|x64.ActiveCfg = Debug|Win32
		{6CB6608D-3962-4A1C-8C40-742F6D2E6F07}.Static lib - Release - Fast FPU|ARM.ActiveCfg = Release|Win32
		{6CB6608D-3962-4A1C-8C40-742F6D2E6F07}.Static lib - Release - Fast FPU|Win32.ActiveCfg = Release|Win32
		{6CB6608D-3962-4A1C-8C40-742F6D2E6F07}.Static lib - Release - Fast FPU|Win32.Build.0 = Release|Win32
		{6CB6608D-3962-4A1C-8C40-742F6D2E6F07}.Static lib - Release - Fast FPU|x64.ActiveCfg = Release|Win32
		{6CB6608D-3962-4A1C-8C40-742F6D2E6F07}.Static lib - Release|ARM.ActiveCfg = Release|Win32
		{6CB6608D-3962-4A1C-8C40-742F6D2E6F07}.Static lib - Release|Win32.ActiveCfg = Release|Win32
		{6CB6608D-3962-4A1C-8C40-742F6D2E6F07}.Static lib - Release|Win32.Build.0 = Release|Win32
		{6CB6608D-3962-4A1C-8C40-742F6D2E6F07}.Static lib - Release|x64.ActiveCfg = Release|Win32
	EndGlobalSection
	GlobalSection(SolutionProperties) = preSolution
		HideSolutionNode = FALSE
	EndGlobalSection
EndGlobal
