<?xml version="1.0" encoding="utf-8"?>
<Project ToolsVersion="4.0" xmlns="http://schemas.microsoft.com/developer/msbuild/2003">
  <ItemGroup>
    <Filter Include="include">
      <UniqueIdentifier>{2276c80b-20b2-4c57-943e-197345cdc76c}</UniqueIdentifier>
    </Filter>
    <Filter Include="Engine">
      <UniqueIdentifier>{d37a72bd-4fcd-4637-b43b-a56fcc5cc1f1}</UniqueIdentifier>
    </Filter>
    <Filter Include="Sources">
      <UniqueIdentifier>{4FC737F1-C7A5-4376-A066-2A32D752A2FF}</UniqueIdentifier>
      <Extensions>cpp;c;cc;cxx;def;odl;idl;hpj;bat;asm;asmx</Extensions>
    </Filter>
    <Filter Include="Engine\Core">
      <UniqueIdentifier>{a2623398-529c-4f4a-9e2e-07e95d746650}</UniqueIdentifier>
    </Filter>
    <Filter Include="Sources\Ressources">
      <UniqueIdentifier>{67DA6AB6-F800-4c08-8B7A-83BB121AAD01}</UniqueIdentifier>
      <Extensions>rc;ico;cur;bmp;dlg;rc2;rct;bin;rgs;gif;jpg;jpeg;jpe;resx;tiff;tif;png;wav;mfcribbon-ms</Extensions>
    </Filter>
    <Filter Include="include\rendering">
      <UniqueIdentifier>{756f921c-f0d5-4924-bcf6-f9ee3535df0c}</UniqueIdentifier>
    </Filter>
    <Filter Include="include\engine">
      <UniqueIdentifier>{7522dc35-df3c-425b-9d28-46a700813386}</UniqueIdentifier>
    </Filter>
    <Filter Include="include\collaborative">
      <UniqueIdentifier>{e375e567-4b9a-409a-a43c-64727eb13e67}</UniqueIdentifier>
    </Filter>
    <Filter Include="Engine\Core\Plugins">
      <UniqueIdentifier>{af77522b-61b7-4a5e-a385-afae397bd337}</UniqueIdentifier>
    </Filter>
    <Filter Include="Engine\IO">
      <UniqueIdentifier>{08ddd7cf-f37a-42e6-a66c-490203ecc7ab}</UniqueIdentifier>
    </Filter>
    <Filter Include="Engine\IO\Scene">
      <UniqueIdentifier>{7ed508a5-1600-4cf3-b26e-1d1c44e30cd7}</UniqueIdentifier>
    </Filter>
    <Filter Include="Engine\IO\Scene\Clouds">
      <UniqueIdentifier>{0ea7a1b2-a81d-484f-ae88-a782b34fa8ce}</UniqueIdentifier>
    </Filter>
    <Filter Include="Engine\IO\Scene\MeshSceneNodeInstances">
      <UniqueIdentifier>{585db4e8-c199-423f-ab07-97d9ead79111}</UniqueIdentifier>
    </Filter>
    <Filter Include="include\collaborative\editor">
      <UniqueIdentifier>{ce285ca4-fb69-4c38-abd1-f830896864e5}</UniqueIdentifier>
    </Filter>
    <Filter Include="include\collaborative\editor\ui">
      <UniqueIdentifier>{3f495270-f5f1-43de-98df-c9b4d7f2a445}</UniqueIdentifier>
    </Filter>
    <Filter Include="Engine\IO\Scene\AnimatedMeshSceneNode">
      <UniqueIdentifier>{d97d3bc7-6a8b-44e1-8d1c-956f18de3bac}</UniqueIdentifier>
    </Filter>
  </ItemGroup>
  <ItemGroup>
    <ClInclude Include="..\include\CP3DCompileConfig.h">
      <Filter>include</Filter>
    </ClInclude>
    <ClInclude Include="..\include\CP3DRenderingEngine.h">
      <Filter>include</Filter>
    </ClInclude>
    <ClInclude Include="CP3DEngine.h">
      <Filter>Sources</Filter>
    </ClInclude>
    <ClInclude Include="resource.h">
      <Filter>Sources</Filter>
    </ClInclude>
    <ClInclude Include="Stdafx.h">
      <Filter>Sources</Filter>
    </ClInclude>
    <ClInclude Include="..\include\CP3DEngine.h">
      <Filter>include</Filter>
    </ClInclude>
    <ClInclude Include="Engine\Core\CCP3DEngineCore.h">
      <Filter>Engine\Core</Filter>
    </ClInclude>
    <ClInclude Include="Engine\Core\CCP3DEventReceiver.h">
      <Filter>Engine\Core</Filter>
    </ClInclude>
    <ClInclude Include="Engine\Core\CCP3DCustomUpdater.h">
      <Filter>Engine\Core</Filter>
    </ClInclude>
    <ClInclude Include="Engine\Scene\CCP3DSceneNodeCreator.h">
      <Filter>Engine\IO\Scene</Filter>
    </ClInclude>
    <ClInclude Include="Engine\Scene\Clouds\CCloudSceneNode.h">
      <Filter>Engine\IO\Scene\Clouds</Filter>
    </ClInclude>
    <ClInclude Include="..\include\SShadowLight.h">
      <Filter>include\rendering</Filter>
    </ClInclude>
    <ClInclude Include="..\include\ICP3DRenderingEngine.h">
      <Filter>include\rendering</Filter>
    </ClInclude>
    <ClInclude Include="..\include\ICP3DMaterialCreator.h">
      <Filter>include\rendering</Filter>
    </ClInclude>
    <ClInclude Include="..\include\ICP3DLightSceneNode.h">
      <Filter>include\rendering</Filter>
    </ClInclude>
    <ClInclude Include="..\include\ICP3DHandler.h">
      <Filter>include\rendering</Filter>
    </ClInclude>
    <ClInclude Include="..\include\ICP3DCustomPass.h">
      <Filter>include\rendering</Filter>
    </ClInclude>
    <ClInclude Include="..\include\ICP3DCustomDepthPass.h">
      <Filter>include\rendering</Filter>
    </ClInclude>
    <ClInclude Include="..\include\ICP3DEventReceiver.h">
      <Filter>include\engine</Filter>
    </ClInclude>
    <ClInclude Include="..\include\ICP3DEngine.h">
      <Filter>include\engine</Filter>
    </ClInclude>
    <ClInclude Include="..\include\ICP3DCustomUpdate.h">
      <Filter>include\engine</Filter>
    </ClInclude>
    <ClInclude Include="..\include\ICP3DSceneNodeCreator.h">
      <Filter>include\engine</Filter>
    </ClInclude>
    <ClInclude Include="..\include\ICP3DEditor.h">
      <Filter>include\collaborative\editor</Filter>
    </ClInclude>
    <ClInclude Include="..\include\ICP3DEditionTool.h">
      <Filter>include\collaborative\editor</Filter>
    </ClInclude>
    <ClInclude Include="..\include\ICP3DFileSelector.h">
      <Filter>include\collaborative\editor</Filter>
    </ClInclude>
    <ClInclude Include="..\include\ICP3DCollaborativeEngine.h">
      <Filter>include\collaborative</Filter>
    </ClInclude>
    <ClInclude Include="..\include\ICP3DCustomView.h">
      <Filter>include\collaborative\editor</Filter>
    </ClInclude>
    <ClInclude Include="..\include\ICP3DInterface.h">
      <Filter>include\collaborative\editor</Filter>
    </ClInclude>
    <ClInclude Include="..\include\ICP3DColorDialog.h">
      <Filter>include\collaborative\editor\ui</Filter>
    </ClInclude>
    <ClInclude Include="..\include\ECP3DGUIEvents.h">
      <Filter>include\collaborative\editor\ui</Filter>
    </ClInclude>
    <ClInclude Include="..\include\ICP3DTransformer.h">
      <Filter>include\collaborative\editor</Filter>
    </ClInclude>
    <ClInclude Include="..\include\ICP3DGeometryCreator.h">
      <Filter>include\engine</Filter>
    </ClInclude>
    <ClInclude Include="Engine\Scene\CCP3DGeometryCreator.h">
      <Filter>Engine\IO\Scene</Filter>
    </ClInclude>
    <ClInclude Include="..\include\CScreenQuad.h">
      <Filter>include\rendering</Filter>
    </ClInclude>
    <ClInclude Include="Engine\Scene\MeshSceneNodeInstances\CMeshSceneNodeInstances.h">
      <Filter>Engine\IO\Scene\MeshSceneNodeInstances</Filter>
    </ClInclude>
    <ClInclude Include="..\include\ICP3DHandlerCallbacks.h">
      <Filter>include\rendering</Filter>
    </ClInclude>
    <ClInclude Include="..\include\ICP3DHandlerPostProcesses.h">
      <Filter>include\rendering</Filter>
    </ClInclude>
    <ClInclude Include="..\include\ICP3DMonitor.h">
      <Filter>include\engine</Filter>
    </ClInclude>
    <ClInclude Include="Engine\Core\Plugins\CCP3DMonitorPlugin.h">
      <Filter>Engine\Core\Plugins</Filter>
    </ClInclude>
    <ClInclude Include="Engine\Core\Plugins\CCP3DPluginManager.h">
      <Filter>Engine\Core\Plugins</Filter>
    </ClInclude>
    <ClInclude Include="..\include\ICP3DPluginManager.h">
      <Filter>include\engine</Filter>
    </ClInclude>
    <ClInclude Include="..\include\ICP3DPlugin.h">
      <Filter>include\engine</Filter>
    </ClInclude>
    <ClInclude Include="..\include\ICP3DUIRegister.h">
      <Filter>include\collaborative\editor\ui</Filter>
    </ClInclude>
    <ClInclude Include="..\include\ICP3DSpy.h">
      <Filter>include\collaborative\editor</Filter>
    </ClInclude>
    <ClInclude Include="..\include\ICP3DViewPort.h">
      <Filter>include\collaborative\editor\ui</Filter>
    </ClInclude>
    <ClInclude Include="..\include\ICP3DGUIManager.h">
      <Filter>include\collaborative\editor\ui</Filter>
    </ClInclude>
    <ClInclude Include="..\include\ICP3DHardwareSkinningManager.h">
      <Filter>include\rendering</Filter>
    </ClInclude>
    <ClInclude Include="..\include\ICP3DExporter.h">
      <Filter>include\engine</Filter>
    </ClInclude>
    <ClInclude Include="..\include\ICP3DEffectsManager.h">
      <Filter>include\rendering</Filter>
    </ClInclude>
    <ClInclude Include="Engine\IO\CCP3DExporter.h">
      <Filter>Engine\IO</Filter>
    </ClInclude>
    <ClInclude Include="..\include\ECP3DSceneNodeTypes.h">
      <Filter>include\engine</Filter>
    </ClInclude>
    <ClInclude Include="..\include\ICP3DHDRManager.h">
      <Filter>include\rendering</Filter>
    </ClInclude>
    <ClInclude Include="..\include\ICP3DAnimator.h">
      <Filter>include\rendering</Filter>
    </ClInclude>
    <ClInclude Include="Engine\Scene\AnimatedMeshSceneNode\CAnimatedMeshSceneNodeManipulator.h">
      <Filter>Engine\IO\Scene\AnimatedMeshSceneNode</Filter>
    </ClInclude>
    <ClInclude Include="..\include\ICP3DAnimatedMeshSceneNodeManipulator.h">
      <Filter>include\engine</Filter>
    </ClInclude>
  </ItemGroup>
  <ItemGroup>
    <ClCompile Include="CP3DEngine.cpp">
      <Filter>Sources</Filter>
    </ClCompile>
    <ClCompile Include="AssemblyInfo.cpp">
      <Filter>Sources</Filter>
    </ClCompile>
    <ClCompile Include="Stdafx.cpp">
      <Filter>Sources</Filter>
    </ClCompile>
    <ClCompile Include="Engine\Core\CCP3DEngineCore.cpp">
      <Filter>Engine\Core</Filter>
    </ClCompile>
    <ClCompile Include="Engine\Core\CCP3DEventReceiver.cpp">
      <Filter>Engine\Core</Filter>
    </ClCompile>
    <ClCompile Include="Engine\Core\CCP3DCustomUpdater.cpp">
      <Filter>Engine\Core</Filter>
    </ClCompile>
    <ClCompile Include="Engine\Scene\CCP3DSceneNodeCreator.cpp">
      <Filter>Engine\IO\Scene</Filter>
    </ClCompile>
    <ClCompile Include="Engine\Scene\Clouds\CCloudSceneNode.cpp">
      <Filter>Engine\IO\Scene\Clouds</Filter>
    </ClCompile>
    <ClCompile Include="Engine\Scene\CCP3DGeometryCreator.cpp">
      <Filter>Engine\IO\Scene</Filter>
    </ClCompile>
    <ClCompile Include="Engine\Scene\MeshSceneNodeInstances\CMeshSceneNodeInstances.cpp">
      <Filter>Engine\IO\Scene\MeshSceneNodeInstances</Filter>
    </ClCompile>
    <ClCompile Include="Engine\Core\Plugins\CCP3DMonitorPlugin.cpp">
      <Filter>Engine\Core\Plugins</Filter>
    </ClCompile>
    <ClCompile Include="Engine\Core\Plugins\CCP3DPluginManager.cpp">
      <Filter>Engine\Core\Plugins</Filter>
    </ClCompile>
    <ClCompile Include="Engine\IO\CCP3DExporter.cpp">
      <Filter>Engine\IO</Filter>
    </ClCompile>
    <ClCompile Include="Engine\IO\CCP3DImporter.cpp">
      <Filter>Engine\IO</Filter>
    </ClCompile>
    <ClCompile Include="Engine\Scene\AnimatedMeshSceneNode\CAnimatedMeshSceneNodeManipulator.cpp">
      <Filter>Engine\IO\Scene\AnimatedMeshSceneNode</Filter>
    </ClCompile>
  </ItemGroup>
  <ItemGroup>
    <ResourceCompile Include="app.rc">
      <Filter>Sources\Ressources</Filter>
    </ResourceCompile>
  </ItemGroup>
  <ItemGroup>
    <Image Include="app.ico">
      <Filter>Sources\Ressources</Filter>
    </Image>
  </ItemGroup>
</Project>