<?xml version="1.0" encoding="utf-8"?>
<Project ToolsVersion="4.0" xmlns="http://schemas.microsoft.com/developer/msbuild/2003">
  <ItemGroup>
    <Filter Include="RenderingEngine">
      <UniqueIdentifier>{da996cda-c17c-4a0d-9cce-20709a798944}</UniqueIdentifier>
    </Filter>
    <Filter Include="RenderingEngine\Handler">
      <UniqueIdentifier>{eabc09a6-0dc6-4ffb-89dd-1aa86287f022}</UniqueIdentifier>
    </Filter>
    <Filter Include="RenderingEngine\CustomPasses">
      <UniqueIdentifier>{546dd49f-bc0d-400e-a9cb-a0035cc9028d}</UniqueIdentifier>
    </Filter>
    <Filter Include="Shaders">
      <UniqueIdentifier>{a7263fb2-2ba9-4e7a-ac96-064148685b8e}</UniqueIdentifier>
    </Filter>
    <Filter Include="Shaders\Materials">
      <UniqueIdentifier>{3b6bc63a-5811-4dc5-b840-ca0105ee3ef5}</UniqueIdentifier>
    </Filter>
    <Filter Include="CP3DRE">
      <UniqueIdentifier>{4FC737F1-C7A5-4376-A066-2A32D752A2FF}</UniqueIdentifier>
      <Extensions>cpp;c;cc;cxx;def;odl;idl;hpj;bat;asm;asmx</Extensions>
    </Filter>
    <Filter Include="CP3DRE\Ressources">
      <UniqueIdentifier>{67DA6AB6-F800-4c08-8B7A-83BB121AAD01}</UniqueIdentifier>
      <Extensions>rc;ico;cur;bmp;dlg;rc2;rct;bin;rgs;gif;jpg;jpeg;jpe;resx;tiff;tif;png;wav;mfcribbon-ms</Extensions>
    </Filter>
    <Filter Include="Shaders\PostProcesses">
      <UniqueIdentifier>{3298afc1-445c-47c4-9dd4-07db8d099830}</UniqueIdentifier>
    </Filter>
    <Filter Include="RenderingEngine\Materials">
      <UniqueIdentifier>{189dcb5a-cdbb-45e7-81a3-7b1863f587bf}</UniqueIdentifier>
    </Filter>
  </ItemGroup>
  <ItemGroup>
    <ClInclude Include="RenderingEngine\Handler\CP3DHandler.h">
      <Filter>RenderingEngine\Handler</Filter>
    </ClInclude>
    <ClInclude Include="RenderingEngine\Handler\CShaderPre.h">
      <Filter>RenderingEngine\Handler</Filter>
    </ClInclude>
    <ClInclude Include="RenderingEngine\Handler\CHandlerCB.h">
      <Filter>RenderingEngine\Handler</Filter>
    </ClInclude>
    <ClInclude Include="RenderingEngine\Handler\CHandler.h">
      <Filter>RenderingEngine\Handler</Filter>
    </ClInclude>
    <ClInclude Include="RenderingEngine\Handler\HandlerShaders.h">
      <Filter>RenderingEngine\Handler</Filter>
    </ClInclude>
    <ClInclude Include="RenderingEngine\CustomPasses\CCustomDepthPass.h">
      <Filter>RenderingEngine\CustomPasses</Filter>
    </ClInclude>
    <ClInclude Include="Stdafx.h">
      <Filter>CP3DRE</Filter>
    </ClInclude>
    <ClInclude Include="resource.h">
      <Filter>CP3DRE</Filter>
    </ClInclude>
    <ClInclude Include="CP3DRenderingEngine.h">
      <Filter>CP3DRE</Filter>
    </ClInclude>
    <ClInclude Include="RenderingEngine\Materials\CNormalMappingMaterial.h">
      <Filter>RenderingEngine\Materials</Filter>
    </ClInclude>
    <ClInclude Include="RenderingEngine\Materials\CMaterialCreator.h">
      <Filter>RenderingEngine\Materials</Filter>
    </ClInclude>
    <ClInclude Include="RenderingEngine\CustomPasses\CCustomGeneralPass.h">
      <Filter>RenderingEngine\CustomPasses</Filter>
    </ClInclude>
    <ClInclude Include="RenderingEngine\Materials\CSolidMaterial.h">
      <Filter>RenderingEngine\Materials</Filter>
    </ClInclude>
  </ItemGroup>
  <ItemGroup>
    <ClCompile Include="CP3DRenderingEngine.cpp">
      <Filter>CP3DRE</Filter>
    </ClCompile>
    <ClCompile Include="AssemblyInfo.cpp">
      <Filter>CP3DRE</Filter>
    </ClCompile>
    <ClCompile Include="Stdafx.cpp">
      <Filter>CP3DRE</Filter>
    </ClCompile>
    <ClCompile Include="RenderingEngine\Handler\CShaderPre.cpp">
      <Filter>RenderingEngine\Handler</Filter>
    </ClCompile>
    <ClCompile Include="RenderingEngine\Handler\CHandler.cpp">
      <Filter>RenderingEngine\Handler</Filter>
    </ClCompile>
    <ClCompile Include="RenderingEngine\CustomPasses\CCustomDepthPass.cpp">
      <Filter>RenderingEngine\CustomPasses</Filter>
    </ClCompile>
    <ClCompile Include="RenderingEngine\Materials\CNormalMappingMaterial.cpp">
      <Filter>RenderingEngine\Materials</Filter>
    </ClCompile>
    <ClCompile Include="RenderingEngine\Materials\CMaterialCreator.cpp">
      <Filter>RenderingEngine\Materials</Filter>
    </ClCompile>
    <ClCompile Include="RenderingEngine\CustomPasses\CCustomGeneralPass.cpp">
      <Filter>RenderingEngine\CustomPasses</Filter>
    </ClCompile>
    <ClCompile Include="RenderingEngine\Materials\CSolidMaterial.cpp">
      <Filter>RenderingEngine\Materials</Filter>
    </ClCompile>
  </ItemGroup>
  <ItemGroup>
    <ResourceCompile Include="app.rc">
      <Filter>CP3DRE\Ressources</Filter>
    </ResourceCompile>
  </ItemGroup>
  <ItemGroup>
    <Image Include="app.ico">
      <Filter>CP3DRE\Ressources</Filter>
    </Image>
  </ItemGroup>
  <ItemGroup>
    <Text Include="ReadMe.txt">
      <Filter>CP3DRE\Ressources</Filter>
    </Text>
  </ItemGroup>
  <ItemGroup>
    <None Include="..\CP3DR\Shaders\PostProcesses\BlurHP.fragment.fx">
      <Filter>Shaders\PostProcesses</Filter>
    </None>
    <None Include="..\CP3DR\Shaders\PostProcesses\BlurVP.fragment.fx">
      <Filter>Shaders\PostProcesses</Filter>
    </None>
    <None Include="..\CP3DR\Shaders\PostProcesses\SSAO.fragment.fx">
      <Filter>Shaders\PostProcesses</Filter>
    </None>
    <None Include="..\CP3DR\Shaders\PostProcesses\SSAOCombine.fragment.fx">
      <Filter>Shaders\PostProcesses</Filter>
    </None>
    <None Include="..\CP3DR\Shaders\PostProcesses\FXAA.fragment.fx">
      <Filter>Shaders\PostProcesses</Filter>
    </None>
    <None Include="..\CP3DR\Shaders\Materials\NormalMapping.vertex.fx">
      <Filter>Shaders\Materials</Filter>
    </None>
    <None Include="..\CP3DR\Shaders\Materials\CustomDepthPass.fragment.fx">
      <Filter>Shaders\Materials</Filter>
    </None>
    <None Include="..\CP3DR\Shaders\Materials\CustomDepthPass.vertex.fx">
      <Filter>Shaders\Materials</Filter>
    </None>
    <None Include="..\CP3DR\Shaders\Materials\NormalMapping.fragment.fx">
      <Filter>Shaders\Materials</Filter>
    </None>
    <None Include="..\CP3DR\Shaders\Materials\MultiplePass.fragment.fx" />
    <None Include="..\CP3DR\Shaders\Materials\MultiplePass.vertex.fx" />
    <None Include="..\CP3DR\Shaders\Materials\Solid.fragment.fx">
      <Filter>Shaders\Materials</Filter>
    </None>
    <None Include="..\CP3DR\Shaders\Materials\Solid.vertex.fx">
      <Filter>Shaders\Materials</Filter>
    </None>
  </ItemGroup>
</Project>